// !$*UTF8*$!
{
	archiveVersion = 1;
	classes = {
	};
	objectVersion = 48;
	objects = {

/* Begin PBXBuildFile section */
		39E5D83407E82640BCC21342 /* Pods_WhereAmITests.framework in Frameworks */ = {isa = PBXBuildFile; fileRef = 2621A81A346D0764446F7C94 /* Pods_WhereAmITests.framework */; };
		416D58EFB9450FDA0BFC17FC /* Pods_WhereAmIUITests.framework in Frameworks */ = {isa = PBXBuildFile; fileRef = F80C27EBF8342789DAD0E06F /* Pods_WhereAmIUITests.framework */; };
		42A707DDACA43C89C2298DA5 /* Pods_WhereAmI.framework in Frameworks */ = {isa = PBXBuildFile; fileRef = BFC1A135CA308CE20D37B10D /* Pods_WhereAmI.framework */; };
		6F32FB6B1FB49A100067E1AA /* AppDelegate.swift in Sources */ = {isa = PBXBuildFile; fileRef = 6F32FB6A1FB49A100067E1AA /* AppDelegate.swift */; };
		6F32FB6D1FB49A100067E1AA /* MapViewController.swift in Sources */ = {isa = PBXBuildFile; fileRef = 6F32FB6C1FB49A100067E1AA /* MapViewController.swift */; };
		6F32FB701FB49A100067E1AA /* Main.storyboard in Resources */ = {isa = PBXBuildFile; fileRef = 6F32FB6E1FB49A100067E1AA /* Main.storyboard */; };
		6F32FB731FB49A110067E1AA /* WhereAmI.xcdatamodeld in Sources */ = {isa = PBXBuildFile; fileRef = 6F32FB711FB49A110067E1AA /* WhereAmI.xcdatamodeld */; };
		6F32FB751FB49A110067E1AA /* Assets.xcassets in Resources */ = {isa = PBXBuildFile; fileRef = 6F32FB741FB49A110067E1AA /* Assets.xcassets */; };
		6F32FB781FB49A110067E1AA /* LaunchScreen.storyboard in Resources */ = {isa = PBXBuildFile; fileRef = 6F32FB761FB49A110067E1AA /* LaunchScreen.storyboard */; };
		6F32FB831FB49A110067E1AA /* WhereAmITests.swift in Sources */ = {isa = PBXBuildFile; fileRef = 6F32FB821FB49A110067E1AA /* WhereAmITests.swift */; };
		6F32FB8E1FB49A110067E1AA /* WhereAmIUITests.swift in Sources */ = {isa = PBXBuildFile; fileRef = 6F32FB8D1FB49A110067E1AA /* WhereAmIUITests.swift */; };
/* End PBXBuildFile section */

/* Begin PBXContainerItemProxy section */
		6F32FB7F1FB49A110067E1AA /* PBXContainerItemProxy */ = {
			isa = PBXContainerItemProxy;
			containerPortal = 6F32FB5F1FB49A100067E1AA /* Project object */;
			proxyType = 1;
			remoteGlobalIDString = 6F32FB661FB49A100067E1AA;
			remoteInfo = WhereAmI;
		};
		6F32FB8A1FB49A110067E1AA /* PBXContainerItemProxy */ = {
			isa = PBXContainerItemProxy;
			containerPortal = 6F32FB5F1FB49A100067E1AA /* Project object */;
			proxyType = 1;
			remoteGlobalIDString = 6F32FB661FB49A100067E1AA;
			remoteInfo = WhereAmI;
		};
/* End PBXContainerItemProxy section */

/* Begin PBXFileReference section */
		00C23950373BBC61A87B6834 /* Pods-WhereAmIUITests.release.xcconfig */ = {isa = PBXFileReference; includeInIndex = 1; lastKnownFileType = text.xcconfig; name = "Pods-WhereAmIUITests.release.xcconfig"; path = "Pods/Target Support Files/Pods-WhereAmIUITests/Pods-WhereAmIUITests.release.xcconfig"; sourceTree = "<group>"; };
		0888E3EB29D13E92E376D1D9 /* Pods-WhereAmI.debug.xcconfig */ = {isa = PBXFileReference; includeInIndex = 1; lastKnownFileType = text.xcconfig; name = "Pods-WhereAmI.debug.xcconfig"; path = "Pods/Target Support Files/Pods-WhereAmI/Pods-WhereAmI.debug.xcconfig"; sourceTree = "<group>"; };
		144023EC40499871D9E823F9 /* Pods-WhereAmITests.release.xcconfig */ = {isa = PBXFileReference; includeInIndex = 1; lastKnownFileType = text.xcconfig; name = "Pods-WhereAmITests.release.xcconfig"; path = "Pods/Target Support Files/Pods-WhereAmITests/Pods-WhereAmITests.release.xcconfig"; sourceTree = "<group>"; };
		2621A81A346D0764446F7C94 /* Pods_WhereAmITests.framework */ = {isa = PBXFileReference; explicitFileType = wrapper.framework; includeInIndex = 0; path = Pods_WhereAmITests.framework; sourceTree = BUILT_PRODUCTS_DIR; };
		6F32FB671FB49A100067E1AA /* WhereAmI.app */ = {isa = PBXFileReference; explicitFileType = wrapper.application; includeInIndex = 0; path = WhereAmI.app; sourceTree = BUILT_PRODUCTS_DIR; };
		6F32FB6A1FB49A100067E1AA /* AppDelegate.swift */ = {isa = PBXFileReference; lastKnownFileType = sourcecode.swift; path = AppDelegate.swift; sourceTree = "<group>"; };
		6F32FB6C1FB49A100067E1AA /* MapViewController.swift */ = {isa = PBXFileReference; lastKnownFileType = sourcecode.swift; path = MapViewController.swift; sourceTree = "<group>"; };
		6F32FB6F1FB49A100067E1AA /* Base */ = {isa = PBXFileReference; lastKnownFileType = file.storyboard; name = Base; path = Base.lproj/Main.storyboard; sourceTree = "<group>"; };
		6F32FB721FB49A110067E1AA /* WhereAmI.xcdatamodel */ = {isa = PBXFileReference; lastKnownFileType = wrapper.xcdatamodel; path = WhereAmI.xcdatamodel; sourceTree = "<group>"; };
		6F32FB741FB49A110067E1AA /* Assets.xcassets */ = {isa = PBXFileReference; lastKnownFileType = folder.assetcatalog; path = Assets.xcassets; sourceTree = "<group>"; };
		6F32FB771FB49A110067E1AA /* Base */ = {isa = PBXFileReference; lastKnownFileType = file.storyboard; name = Base; path = Base.lproj/LaunchScreen.storyboard; sourceTree = "<group>"; };
		6F32FB791FB49A110067E1AA /* Info.plist */ = {isa = PBXFileReference; lastKnownFileType = text.plist.xml; path = Info.plist; sourceTree = "<group>"; };
		6F32FB7E1FB49A110067E1AA /* WhereAmITests.xctest */ = {isa = PBXFileReference; explicitFileType = wrapper.cfbundle; includeInIndex = 0; path = WhereAmITests.xctest; sourceTree = BUILT_PRODUCTS_DIR; };
		6F32FB821FB49A110067E1AA /* WhereAmITests.swift */ = {isa = PBXFileReference; lastKnownFileType = sourcecode.swift; path = WhereAmITests.swift; sourceTree = "<group>"; };
		6F32FB841FB49A110067E1AA /* Info.plist */ = {isa = PBXFileReference; lastKnownFileType = text.plist.xml; path = Info.plist; sourceTree = "<group>"; };
		6F32FB891FB49A110067E1AA /* WhereAmIUITests.xctest */ = {isa = PBXFileReference; explicitFileType = wrapper.cfbundle; includeInIndex = 0; path = WhereAmIUITests.xctest; sourceTree = BUILT_PRODUCTS_DIR; };
		6F32FB8D1FB49A110067E1AA /* WhereAmIUITests.swift */ = {isa = PBXFileReference; lastKnownFileType = sourcecode.swift; path = WhereAmIUITests.swift; sourceTree = "<group>"; };
		6F32FB8F1FB49A110067E1AA /* Info.plist */ = {isa = PBXFileReference; lastKnownFileType = text.plist.xml; path = Info.plist; sourceTree = "<group>"; };
		9479E7B11E5AF5AFB7F7D1DB /* Pods-WhereAmIUITests.debug.xcconfig */ = {isa = PBXFileReference; includeInIndex = 1; lastKnownFileType = text.xcconfig; name = "Pods-WhereAmIUITests.debug.xcconfig"; path = "Pods/Target Support Files/Pods-WhereAmIUITests/Pods-WhereAmIUITests.debug.xcconfig"; sourceTree = "<group>"; };
		9833882B29000C2726A236E3 /* Pods-WhereAmI.release.xcconfig */ = {isa = PBXFileReference; includeInIndex = 1; lastKnownFileType = text.xcconfig; name = "Pods-WhereAmI.release.xcconfig"; path = "Pods/Target Support Files/Pods-WhereAmI/Pods-WhereAmI.release.xcconfig"; sourceTree = "<group>"; };
		BFC1A135CA308CE20D37B10D /* Pods_WhereAmI.framework */ = {isa = PBXFileReference; explicitFileType = wrapper.framework; includeInIndex = 0; path = Pods_WhereAmI.framework; sourceTree = BUILT_PRODUCTS_DIR; };
		F5C703E534DAD348A0784ECD /* Pods-WhereAmITests.debug.xcconfig */ = {isa = PBXFileReference; includeInIndex = 1; lastKnownFileType = text.xcconfig; name = "Pods-WhereAmITests.debug.xcconfig"; path = "Pods/Target Support Files/Pods-WhereAmITests/Pods-WhereAmITests.debug.xcconfig"; sourceTree = "<group>"; };
		F80C27EBF8342789DAD0E06F /* Pods_WhereAmIUITests.framework */ = {isa = PBXFileReference; explicitFileType = wrapper.framework; includeInIndex = 0; path = Pods_WhereAmIUITests.framework; sourceTree = BUILT_PRODUCTS_DIR; };
/* End PBXFileReference section */

/* Begin PBXFrameworksBuildPhase section */
		6F32FB641FB49A100067E1AA /* Frameworks */ = {
			isa = PBXFrameworksBuildPhase;
			buildActionMask = 2147483647;
			files = (
				42A707DDACA43C89C2298DA5 /* Pods_WhereAmI.framework in Frameworks */,
			);
			runOnlyForDeploymentPostprocessing = 0;
		};
		6F32FB7B1FB49A110067E1AA /* Frameworks */ = {
			isa = PBXFrameworksBuildPhase;
			buildActionMask = 2147483647;
			files = (
				39E5D83407E82640BCC21342 /* Pods_WhereAmITests.framework in Frameworks */,
			);
			runOnlyForDeploymentPostprocessing = 0;
		};
		6F32FB861FB49A110067E1AA /* Frameworks */ = {
			isa = PBXFrameworksBuildPhase;
			buildActionMask = 2147483647;
			files = (
				416D58EFB9450FDA0BFC17FC /* Pods_WhereAmIUITests.framework in Frameworks */,
			);
			runOnlyForDeploymentPostprocessing = 0;
		};
/* End PBXFrameworksBuildPhase section */

/* Begin PBXGroup section */
		0D67C7C875E709A6FE814DE6 /* Pods */ = {
			isa = PBXGroup;
			children = (
				0888E3EB29D13E92E376D1D9 /* Pods-WhereAmI.debug.xcconfig */,
				9833882B29000C2726A236E3 /* Pods-WhereAmI.release.xcconfig */,
				F5C703E534DAD348A0784ECD /* Pods-WhereAmITests.debug.xcconfig */,
				144023EC40499871D9E823F9 /* Pods-WhereAmITests.release.xcconfig */,
				9479E7B11E5AF5AFB7F7D1DB /* Pods-WhereAmIUITests.debug.xcconfig */,
				00C23950373BBC61A87B6834 /* Pods-WhereAmIUITests.release.xcconfig */,
			);
			name = Pods;
			sourceTree = "<group>";
		};
		6F32FB5E1FB49A100067E1AA = {
			isa = PBXGroup;
			children = (
				6F32FB691FB49A100067E1AA /* WhereAmI */,
				6F32FB811FB49A110067E1AA /* WhereAmITests */,
				6F32FB8C1FB49A110067E1AA /* WhereAmIUITests */,
				6F32FB681FB49A100067E1AA /* Products */,
				0D67C7C875E709A6FE814DE6 /* Pods */,
				E8BD85C38C12193C936A4638 /* Frameworks */,
			);
			sourceTree = "<group>";
		};
		6F32FB681FB49A100067E1AA /* Products */ = {
			isa = PBXGroup;
			children = (
				6F32FB671FB49A100067E1AA /* WhereAmI.app */,
				6F32FB7E1FB49A110067E1AA /* WhereAmITests.xctest */,
				6F32FB891FB49A110067E1AA /* WhereAmIUITests.xctest */,
			);
			name = Products;
			sourceTree = "<group>";
		};
		6F32FB691FB49A100067E1AA /* WhereAmI */ = {
			isa = PBXGroup;
			children = (
				6F32FB6A1FB49A100067E1AA /* AppDelegate.swift */,
				6F32FB6C1FB49A100067E1AA /* MapViewController.swift */,
				6F32FB6E1FB49A100067E1AA /* Main.storyboard */,
				6F32FB741FB49A110067E1AA /* Assets.xcassets */,
				6F32FB761FB49A110067E1AA /* LaunchScreen.storyboard */,
				6F32FB791FB49A110067E1AA /* Info.plist */,
				6F32FB711FB49A110067E1AA /* WhereAmI.xcdatamodeld */,
			);
			path = WhereAmI;
			sourceTree = "<group>";
		};
		6F32FB811FB49A110067E1AA /* WhereAmITests */ = {
			isa = PBXGroup;
			children = (
				6F32FB821FB49A110067E1AA /* WhereAmITests.swift */,
				6F32FB841FB49A110067E1AA /* Info.plist */,
			);
			path = WhereAmITests;
			sourceTree = "<group>";
		};
		6F32FB8C1FB49A110067E1AA /* WhereAmIUITests */ = {
			isa = PBXGroup;
			children = (
				6F32FB8D1FB49A110067E1AA /* WhereAmIUITests.swift */,
				6F32FB8F1FB49A110067E1AA /* Info.plist */,
			);
			path = WhereAmIUITests;
			sourceTree = "<group>";
		};
		E8BD85C38C12193C936A4638 /* Frameworks */ = {
			isa = PBXGroup;
			children = (
				BFC1A135CA308CE20D37B10D /* Pods_WhereAmI.framework */,
				2621A81A346D0764446F7C94 /* Pods_WhereAmITests.framework */,
				F80C27EBF8342789DAD0E06F /* Pods_WhereAmIUITests.framework */,
			);
			name = Frameworks;
			sourceTree = "<group>";
		};
/* End PBXGroup section */

/* Begin PBXNativeTarget section */
		6F32FB661FB49A100067E1AA /* WhereAmI */ = {
			isa = PBXNativeTarget;
			buildConfigurationList = 6F32FB921FB49A110067E1AA /* Build configuration list for PBXNativeTarget "WhereAmI" */;
			buildPhases = (
				325998C67D42877CD9663B86 /* [CP] Check Pods Manifest.lock */,
				6F32FB631FB49A100067E1AA /* Sources */,
				6F32FB641FB49A100067E1AA /* Frameworks */,
				6F32FB651FB49A100067E1AA /* Resources */,
				8946080FAB0A5E1F41962E62 /* [CP] Embed Pods Frameworks */,
				C43690ABF73B74648C8AFBF0 /* [CP] Copy Pods Resources */,
			);
			buildRules = (
			);
			dependencies = (
			);
			name = WhereAmI;
			productName = WhereAmI;
			productReference = 6F32FB671FB49A100067E1AA /* WhereAmI.app */;
			productType = "com.apple.product-type.application";
		};
		6F32FB7D1FB49A110067E1AA /* WhereAmITests */ = {
			isa = PBXNativeTarget;
			buildConfigurationList = 6F32FB951FB49A110067E1AA /* Build configuration list for PBXNativeTarget "WhereAmITests" */;
			buildPhases = (
				81754CF5260FEAF418D775FB /* [CP] Check Pods Manifest.lock */,
				6F32FB7A1FB49A110067E1AA /* Sources */,
				6F32FB7B1FB49A110067E1AA /* Frameworks */,
				6F32FB7C1FB49A110067E1AA /* Resources */,
				50EC2A7FC865F03972E7D21B /* [CP] Embed Pods Frameworks */,
				2B88527C9EF8030BDDFAE596 /* [CP] Copy Pods Resources */,
			);
			buildRules = (
			);
			dependencies = (
				6F32FB801FB49A110067E1AA /* PBXTargetDependency */,
			);
			name = WhereAmITests;
			productName = WhereAmITests;
			productReference = 6F32FB7E1FB49A110067E1AA /* WhereAmITests.xctest */;
			productType = "com.apple.product-type.bundle.unit-test";
		};
		6F32FB881FB49A110067E1AA /* WhereAmIUITests */ = {
			isa = PBXNativeTarget;
			buildConfigurationList = 6F32FB981FB49A110067E1AA /* Build configuration list for PBXNativeTarget "WhereAmIUITests" */;
			buildPhases = (
				BD4934F4A5D99A84BCB9F5E6 /* [CP] Check Pods Manifest.lock */,
				6F32FB851FB49A110067E1AA /* Sources */,
				6F32FB861FB49A110067E1AA /* Frameworks */,
				6F32FB871FB49A110067E1AA /* Resources */,
				80829D0D20EA780C9697C465 /* [CP] Embed Pods Frameworks */,
				E9AAD24D440508B63A2BDB3D /* [CP] Copy Pods Resources */,
			);
			buildRules = (
			);
			dependencies = (
				6F32FB8B1FB49A110067E1AA /* PBXTargetDependency */,
			);
			name = WhereAmIUITests;
			productName = WhereAmIUITests;
			productReference = 6F32FB891FB49A110067E1AA /* WhereAmIUITests.xctest */;
			productType = "com.apple.product-type.bundle.ui-testing";
		};
/* End PBXNativeTarget section */

/* Begin PBXProject section */
		6F32FB5F1FB49A100067E1AA /* Project object */ = {
			isa = PBXProject;
			attributes = {
				LastSwiftUpdateCheck = 0920;
				LastUpgradeCheck = 0920;
				ORGANIZATIONNAME = jacky;
				TargetAttributes = {
					6F32FB661FB49A100067E1AA = {
						CreatedOnToolsVersion = 9.2;
						ProvisioningStyle = Automatic;
					};
					6F32FB7D1FB49A110067E1AA = {
						CreatedOnToolsVersion = 9.2;
						ProvisioningStyle = Automatic;
						TestTargetID = 6F32FB661FB49A100067E1AA;
					};
					6F32FB881FB49A110067E1AA = {
						CreatedOnToolsVersion = 9.2;
						ProvisioningStyle = Automatic;
						TestTargetID = 6F32FB661FB49A100067E1AA;
					};
				};
			};
			buildConfigurationList = 6F32FB621FB49A100067E1AA /* Build configuration list for PBXProject "WhereAmI" */;
			compatibilityVersion = "Xcode 8.0";
			developmentRegion = en;
			hasScannedForEncodings = 0;
			knownRegions = (
				en,
				Base,
			);
			mainGroup = 6F32FB5E1FB49A100067E1AA;
			productRefGroup = 6F32FB681FB49A100067E1AA /* Products */;
			projectDirPath = "";
			projectRoot = "";
			targets = (
				6F32FB661FB49A100067E1AA /* WhereAmI */,
				6F32FB7D1FB49A110067E1AA /* WhereAmITests */,
				6F32FB881FB49A110067E1AA /* WhereAmIUITests */,
			);
		};
/* End PBXProject section */

/* Begin PBXResourcesBuildPhase section */
		6F32FB651FB49A100067E1AA /* Resources */ = {
			isa = PBXResourcesBuildPhase;
			buildActionMask = 2147483647;
			files = (
				6F32FB781FB49A110067E1AA /* LaunchScreen.storyboard in Resources */,
				6F32FB751FB49A110067E1AA /* Assets.xcassets in Resources */,
				6F32FB701FB49A100067E1AA /* Main.storyboard in Resources */,
			);
			runOnlyForDeploymentPostprocessing = 0;
		};
		6F32FB7C1FB49A110067E1AA /* Resources */ = {
			isa = PBXResourcesBuildPhase;
			buildActionMask = 2147483647;
			files = (
			);
			runOnlyForDeploymentPostprocessing = 0;
		};
		6F32FB871FB49A110067E1AA /* Resources */ = {
			isa = PBXResourcesBuildPhase;
			buildActionMask = 2147483647;
			files = (
			);
			runOnlyForDeploymentPostprocessing = 0;
		};
/* End PBXResourcesBuildPhase section */

/* Begin PBXShellScriptBuildPhase section */
		2B88527C9EF8030BDDFAE596 /* [CP] Copy Pods Resources */ = {
			isa = PBXShellScriptBuildPhase;
			buildActionMask = 2147483647;
			files = (
			);
			inputPaths = (
			);
			name = "[CP] Copy Pods Resources";
			outputPaths = (
			);
			runOnlyForDeploymentPostprocessing = 0;
			shellPath = /bin/sh;
			shellScript = "\"${SRCROOT}/Pods/Target Support Files/Pods-WhereAmITests/Pods-WhereAmITests-resources.sh\"\n";
			showEnvVarsInLog = 0;
		};
		325998C67D42877CD9663B86 /* [CP] Check Pods Manifest.lock */ = {
			isa = PBXShellScriptBuildPhase;
			buildActionMask = 2147483647;
			files = (
			);
			inputPaths = (
				"${PODS_PODFILE_DIR_PATH}/Podfile.lock",
				"${PODS_ROOT}/Manifest.lock",
			);
			name = "[CP] Check Pods Manifest.lock";
			outputPaths = (
				"$(DERIVED_FILE_DIR)/Pods-WhereAmI-checkManifestLockResult.txt",
			);
			runOnlyForDeploymentPostprocessing = 0;
			shellPath = /bin/sh;
			shellScript = "diff \"${PODS_PODFILE_DIR_PATH}/Podfile.lock\" \"${PODS_ROOT}/Manifest.lock\" > /dev/null\nif [ $? != 0 ] ; then\n    # print error to STDERR\n    echo \"error: The sandbox is not in sync with the Podfile.lock. Run 'pod install' or update your CocoaPods installation.\" >&2\n    exit 1\nfi\n# This output is used by Xcode 'outputs' to avoid re-running this script phase.\necho \"SUCCESS\" > \"${SCRIPT_OUTPUT_FILE_0}\"\n";
			showEnvVarsInLog = 0;
		};
		50EC2A7FC865F03972E7D21B /* [CP] Embed Pods Frameworks */ = {
			isa = PBXShellScriptBuildPhase;
			buildActionMask = 2147483647;
			files = (
			);
			inputPaths = (
			);
			name = "[CP] Embed Pods Frameworks";
			outputPaths = (
			);
			runOnlyForDeploymentPostprocessing = 0;
			shellPath = /bin/sh;
			shellScript = "\"${SRCROOT}/Pods/Target Support Files/Pods-WhereAmITests/Pods-WhereAmITests-frameworks.sh\"\n";
			showEnvVarsInLog = 0;
		};
		80829D0D20EA780C9697C465 /* [CP] Embed Pods Frameworks */ = {
			isa = PBXShellScriptBuildPhase;
			buildActionMask = 2147483647;
			files = (
			);
			inputPaths = (
			);
			name = "[CP] Embed Pods Frameworks";
			outputPaths = (
			);
			runOnlyForDeploymentPostprocessing = 0;
			shellPath = /bin/sh;
			shellScript = "\"${SRCROOT}/Pods/Target Support Files/Pods-WhereAmIUITests/Pods-WhereAmIUITests-frameworks.sh\"\n";
			showEnvVarsInLog = 0;
		};
		81754CF5260FEAF418D775FB /* [CP] Check Pods Manifest.lock */ = {
			isa = PBXShellScriptBuildPhase;
			buildActionMask = 2147483647;
			files = (
			);
			inputPaths = (
				"${PODS_PODFILE_DIR_PATH}/Podfile.lock",
				"${PODS_ROOT}/Manifest.lock",
			);
			name = "[CP] Check Pods Manifest.lock";
			outputPaths = (
				"$(DERIVED_FILE_DIR)/Pods-WhereAmITests-checkManifestLockResult.txt",
			);
			runOnlyForDeploymentPostprocessing = 0;
			shellPath = /bin/sh;
			shellScript = "diff \"${PODS_PODFILE_DIR_PATH}/Podfile.lock\" \"${PODS_ROOT}/Manifest.lock\" > /dev/null\nif [ $? != 0 ] ; then\n    # print error to STDERR\n    echo \"error: The sandbox is not in sync with the Podfile.lock. Run 'pod install' or update your CocoaPods installation.\" >&2\n    exit 1\nfi\n# This output is used by Xcode 'outputs' to avoid re-running this script phase.\necho \"SUCCESS\" > \"${SCRIPT_OUTPUT_FILE_0}\"\n";
			showEnvVarsInLog = 0;
		};
		8946080FAB0A5E1F41962E62 /* [CP] Embed Pods Frameworks */ = {
			isa = PBXShellScriptBuildPhase;
			buildActionMask = 2147483647;
			files = (
			);
			inputPaths = (
			);
			name = "[CP] Embed Pods Frameworks";
			outputPaths = (
			);
			runOnlyForDeploymentPostprocessing = 0;
			shellPath = /bin/sh;
			shellScript = "\"${SRCROOT}/Pods/Target Support Files/Pods-WhereAmI/Pods-WhereAmI-frameworks.sh\"\n";
			showEnvVarsInLog = 0;
		};
		BD4934F4A5D99A84BCB9F5E6 /* [CP] Check Pods Manifest.lock */ = {
			isa = PBXShellScriptBuildPhase;
			buildActionMask = 2147483647;
			files = (
			);
			inputPaths = (
				"${PODS_PODFILE_DIR_PATH}/Podfile.lock",
				"${PODS_ROOT}/Manifest.lock",
			);
			name = "[CP] Check Pods Manifest.lock";
			outputPaths = (
				"$(DERIVED_FILE_DIR)/Pods-WhereAmIUITests-checkManifestLockResult.txt",
			);
			runOnlyForDeploymentPostprocessing = 0;
			shellPath = /bin/sh;
			shellScript = "diff \"${PODS_PODFILE_DIR_PATH}/Podfile.lock\" \"${PODS_ROOT}/Manifest.lock\" > /dev/null\nif [ $? != 0 ] ; then\n    # print error to STDERR\n    echo \"error: The sandbox is not in sync with the Podfile.lock. Run 'pod install' or update your CocoaPods installation.\" >&2\n    exit 1\nfi\n# This output is used by Xcode 'outputs' to avoid re-running this script phase.\necho \"SUCCESS\" > \"${SCRIPT_OUTPUT_FILE_0}\"\n";
			showEnvVarsInLog = 0;
		};
		C43690ABF73B74648C8AFBF0 /* [CP] Copy Pods Resources */ = {
			isa = PBXShellScriptBuildPhase;
			buildActionMask = 2147483647;
			files = (
			);
			inputPaths = (
			);
			name = "[CP] Copy Pods Resources";
			outputPaths = (
			);
			runOnlyForDeploymentPostprocessing = 0;
			shellPath = /bin/sh;
			shellScript = "\"${SRCROOT}/Pods/Target Support Files/Pods-WhereAmI/Pods-WhereAmI-resources.sh\"\n";
			showEnvVarsInLog = 0;
		};
		E9AAD24D440508B63A2BDB3D /* [CP] Copy Pods Resources */ = {
			isa = PBXShellScriptBuildPhase;
			buildActionMask = 2147483647;
			files = (
			);
			inputPaths = (
			);
			name = "[CP] Copy Pods Resources";
			outputPaths = (
			);
			runOnlyForDeploymentPostprocessing = 0;
			shellPath = /bin/sh;
			shellScript = "\"${SRCROOT}/Pods/Target Support Files/Pods-WhereAmIUITests/Pods-WhereAmIUITests-resources.sh\"\n";
			showEnvVarsInLog = 0;
		};
/* End PBXShellScriptBuildPhase section */

/* Begin PBXSourcesBuildPhase section */
		6F32FB631FB49A100067E1AA /* Sources */ = {
			isa = PBXSourcesBuildPhase;
			buildActionMask = 2147483647;
			files = (
				6F32FB6D1FB49A100067E1AA /* MapViewController.swift in Sources */,
				6F32FB6B1FB49A100067E1AA /* AppDelegate.swift in Sources */,
				6F32FB731FB49A110067E1AA /* WhereAmI.xcdatamodeld in Sources */,
			);
			runOnlyForDeploymentPostprocessing = 0;
		};
		6F32FB7A1FB49A110067E1AA /* Sources */ = {
			isa = PBXSourcesBuildPhase;
			buildActionMask = 2147483647;
			files = (
				6F32FB831FB49A110067E1AA /* WhereAmITests.swift in Sources */,
			);
			runOnlyForDeploymentPostprocessing = 0;
		};
		6F32FB851FB49A110067E1AA /* Sources */ = {
			isa = PBXSourcesBuildPhase;
			buildActionMask = 2147483647;
			files = (
				6F32FB8E1FB49A110067E1AA /* WhereAmIUITests.swift in Sources */,
			);
			runOnlyForDeploymentPostprocessing = 0;
		};
/* End PBXSourcesBuildPhase section */

/* Begin PBXTargetDependency section */
		6F32FB801FB49A110067E1AA /* PBXTargetDependency */ = {
			isa = PBXTargetDependency;
			target = 6F32FB661FB49A100067E1AA /* WhereAmI */;
			targetProxy = 6F32FB7F1FB49A110067E1AA /* PBXContainerItemProxy */;
		};
		6F32FB8B1FB49A110067E1AA /* PBXTargetDependency */ = {
			isa = PBXTargetDependency;
			target = 6F32FB661FB49A100067E1AA /* WhereAmI */;
			targetProxy = 6F32FB8A1FB49A110067E1AA /* PBXContainerItemProxy */;
		};
/* End PBXTargetDependency section */

/* Begin PBXVariantGroup section */
		6F32FB6E1FB49A100067E1AA /* Main.storyboard */ = {
			isa = PBXVariantGroup;
			children = (
				6F32FB6F1FB49A100067E1AA /* Base */,
			);
			name = Main.storyboard;
			sourceTree = "<group>";
		};
		6F32FB761FB49A110067E1AA /* LaunchScreen.storyboard */ = {
			isa = PBXVariantGroup;
			children = (
				6F32FB771FB49A110067E1AA /* Base */,
			);
			name = LaunchScreen.storyboard;
			sourceTree = "<group>";
		};
/* End PBXVariantGroup section */

/* Begin XCBuildConfiguration section */
		6F32FB901FB49A110067E1AA /* Debug */ = {
			isa = XCBuildConfiguration;
			buildSettings = {
				ALWAYS_SEARCH_USER_PATHS = NO;
				CLANG_ANALYZER_NONNULL = YES;
				CLANG_ANALYZER_NUMBER_OBJECT_CONVERSION = YES_AGGRESSIVE;
				CLANG_CXX_LANGUAGE_STANDARD = "gnu++14";
				CLANG_CXX_LIBRARY = "libc++";
				CLANG_ENABLE_MODULES = YES;
				CLANG_ENABLE_OBJC_ARC = YES;
				CLANG_WARN_BLOCK_CAPTURE_AUTORELEASING = YES;
				CLANG_WARN_BOOL_CONVERSION = YES;
				CLANG_WARN_COMMA = YES;
				CLANG_WARN_CONSTANT_CONVERSION = YES;
				CLANG_WARN_DIRECT_OBJC_ISA_USAGE = YES_ERROR;
				CLANG_WARN_DOCUMENTATION_COMMENTS = YES;
				CLANG_WARN_EMPTY_BODY = YES;
				CLANG_WARN_ENUM_CONVERSION = YES;
				CLANG_WARN_INFINITE_RECURSION = YES;
				CLANG_WARN_INT_CONVERSION = YES;
				CLANG_WARN_NON_LITERAL_NULL_CONVERSION = YES;
				CLANG_WARN_OBJC_LITERAL_CONVERSION = YES;
				CLANG_WARN_OBJC_ROOT_CLASS = YES_ERROR;
				CLANG_WARN_RANGE_LOOP_ANALYSIS = YES;
				CLANG_WARN_STRICT_PROTOTYPES = YES;
				CLANG_WARN_SUSPICIOUS_MOVE = YES;
				CLANG_WARN_UNGUARDED_AVAILABILITY = YES_AGGRESSIVE;
				CLANG_WARN_UNREACHABLE_CODE = YES;
				CLANG_WARN__DUPLICATE_METHOD_MATCH = YES;
				CODE_SIGN_IDENTITY = "iPhone Developer";
				COPY_PHASE_STRIP = NO;
				DEBUG_INFORMATION_FORMAT = dwarf;
				ENABLE_STRICT_OBJC_MSGSEND = YES;
				ENABLE_TESTABILITY = YES;
				GCC_C_LANGUAGE_STANDARD = gnu11;
				GCC_DYNAMIC_NO_PIC = NO;
				GCC_NO_COMMON_BLOCKS = YES;
				GCC_OPTIMIZATION_LEVEL = 0;
				GCC_PREPROCESSOR_DEFINITIONS = (
					"DEBUG=1",
					"$(inherited)",
				);
				GCC_WARN_64_TO_32_BIT_CONVERSION = YES;
				GCC_WARN_ABOUT_RETURN_TYPE = YES_ERROR;
				GCC_WARN_UNDECLARED_SELECTOR = YES;
				GCC_WARN_UNINITIALIZED_AUTOS = YES_AGGRESSIVE;
				GCC_WARN_UNUSED_FUNCTION = YES;
				GCC_WARN_UNUSED_VARIABLE = YES;
				IPHONEOS_DEPLOYMENT_TARGET = 11.0;
				MTL_ENABLE_DEBUG_INFO = YES;
				ONLY_ACTIVE_ARCH = YES;
				SDKROOT = iphoneos;
				SWIFT_ACTIVE_COMPILATION_CONDITIONS = DEBUG;
				SWIFT_OPTIMIZATION_LEVEL = "-Onone";
			};
			name = Debug;
		};
		6F32FB911FB49A110067E1AA /* Release */ = {
			isa = XCBuildConfiguration;
			buildSettings = {
				ALWAYS_SEARCH_USER_PATHS = NO;
				CLANG_ANALYZER_NONNULL = YES;
				CLANG_ANALYZER_NUMBER_OBJECT_CONVERSION = YES_AGGRESSIVE;
				CLANG_CXX_LANGUAGE_STANDARD = "gnu++14";
				CLANG_CXX_LIBRARY = "libc++";
				CLANG_ENABLE_MODULES = YES;
				CLANG_ENABLE_OBJC_ARC = YES;
				CLANG_WARN_BLOCK_CAPTURE_AUTORELEASING = YES;
				CLANG_WARN_BOOL_CONVERSION = YES;
				CLANG_WARN_COMMA = YES;
				CLANG_WARN_CONSTANT_CONVERSION = YES;
				CLANG_WARN_DIRECT_OBJC_ISA_USAGE = YES_ERROR;
				CLANG_WARN_DOCUMENTATION_COMMENTS = YES;
				CLANG_WARN_EMPTY_BODY = YES;
				CLANG_WARN_ENUM_CONVERSION = YES;
				CLANG_WARN_INFINITE_RECURSION = YES;
				CLANG_WARN_INT_CONVERSION = YES;
				CLANG_WARN_NON_LITERAL_NULL_CONVERSION = YES;
				CLANG_WARN_OBJC_LITERAL_CONVERSION = YES;
				CLANG_WARN_OBJC_ROOT_CLASS = YES_ERROR;
				CLANG_WARN_RANGE_LOOP_ANALYSIS = YES;
				CLANG_WARN_STRICT_PROTOTYPES = YES;
				CLANG_WARN_SUSPICIOUS_MOVE = YES;
				CLANG_WARN_UNGUARDED_AVAILABILITY = YES_AGGRESSIVE;
				CLANG_WARN_UNREACHABLE_CODE = YES;
				CLANG_WARN__DUPLICATE_METHOD_MATCH = YES;
				CODE_SIGN_IDENTITY = "iPhone Developer";
				COPY_PHASE_STRIP = NO;
				DEBUG_INFORMATION_FORMAT = "dwarf-with-dsym";
				ENABLE_NS_ASSERTIONS = NO;
				ENABLE_STRICT_OBJC_MSGSEND = YES;
				GCC_C_LANGUAGE_STANDARD = gnu11;
				GCC_NO_COMMON_BLOCKS = YES;
				GCC_WARN_64_TO_32_BIT_CONVERSION = YES;
				GCC_WARN_ABOUT_RETURN_TYPE = YES_ERROR;
				GCC_WARN_UNDECLARED_SELECTOR = YES;
				GCC_WARN_UNINITIALIZED_AUTOS = YES_AGGRESSIVE;
				GCC_WARN_UNUSED_FUNCTION = YES;
				GCC_WARN_UNUSED_VARIABLE = YES;
				IPHONEOS_DEPLOYMENT_TARGET = 11.0;
				MTL_ENABLE_DEBUG_INFO = NO;
				SDKROOT = iphoneos;
				SWIFT_OPTIMIZATION_LEVEL = "-Owholemodule";
				VALIDATE_PRODUCT = YES;
			};
			name = Release;
		};
		6F32FB931FB49A110067E1AA /* Debug */ = {
			isa = XCBuildConfiguration;
			baseConfigurationReference = 0888E3EB29D13E92E376D1D9 /* Pods-WhereAmI.debug.xcconfig */;
			buildSettings = {
				ASSETCATALOG_COMPILER_APPICON_NAME = AppIcon;
				CODE_SIGN_STYLE = Automatic;
				DEVELOPMENT_TEAM = 9795XVPG4N;
				INFOPLIST_FILE = WhereAmI/Info.plist;
				LD_RUNPATH_SEARCH_PATHS = "$(inherited) @executable_path/Frameworks";
				PRODUCT_BUNDLE_IDENTIFIER = jacky.WhereAmI;
				PRODUCT_NAME = "$(TARGET_NAME)";
				SWIFT_VERSION = 4.0;
				TARGETED_DEVICE_FAMILY = "1,2";
			};
			name = Debug;
		};
		6F32FB941FB49A110067E1AA /* Release */ = {
			isa = XCBuildConfiguration;
			baseConfigurationReference = 9833882B29000C2726A236E3 /* Pods-WhereAmI.release.xcconfig */;
			buildSettings = {
				ASSETCATALOG_COMPILER_APPICON_NAME = AppIcon;
				CODE_SIGN_STYLE = Automatic;
				DEVELOPMENT_TEAM = 9795XVPG4N;
				INFOPLIST_FILE = WhereAmI/Info.plist;
				LD_RUNPATH_SEARCH_PATHS = "$(inherited) @executable_path/Frameworks";
				PRODUCT_BUNDLE_IDENTIFIER = jacky.WhereAmI;
				PRODUCT_NAME = "$(TARGET_NAME)";
				SWIFT_VERSION = 4.0;
				TARGETED_DEVICE_FAMILY = "1,2";
			};
			name = Release;
		};
		6F32FB961FB49A110067E1AA /* Debug */ = {
			isa = XCBuildConfiguration;
			baseConfigurationReference = F5C703E534DAD348A0784ECD /* Pods-WhereAmITests.debug.xcconfig */;
			buildSettings = {
				ALWAYS_EMBED_SWIFT_STANDARD_LIBRARIES = YES;
				BUNDLE_LOADER = "$(TEST_HOST)";
				CODE_SIGN_STYLE = Automatic;
				DEVELOPMENT_TEAM = 9795XVPG4N;
				INFOPLIST_FILE = WhereAmITests/Info.plist;
				LD_RUNPATH_SEARCH_PATHS = "$(inherited) @executable_path/Frameworks @loader_path/Frameworks";
				PRODUCT_BUNDLE_IDENTIFIER = jacky.WhereAmITests;
				PRODUCT_NAME = "$(TARGET_NAME)";
				SWIFT_VERSION = 4.0;
				TARGETED_DEVICE_FAMILY = "1,2";
				TEST_HOST = "$(BUILT_PRODUCTS_DIR)/WhereAmI.app/WhereAmI";
			};
			name = Debug;
		};
		6F32FB971FB49A110067E1AA /* Release */ = {
			isa = XCBuildConfiguration;
			baseConfigurationReference = 144023EC40499871D9E823F9 /* Pods-WhereAmITests.release.xcconfig */;
			buildSettings = {
				ALWAYS_EMBED_SWIFT_STANDARD_LIBRARIES = YES;
				BUNDLE_LOADER = "$(TEST_HOST)";
				CODE_SIGN_STYLE = Automatic;
				DEVELOPMENT_TEAM = 9795XVPG4N;
				INFOPLIST_FILE = WhereAmITests/Info.plist;
				LD_RUNPATH_SEARCH_PATHS = "$(inherited) @executable_path/Frameworks @loader_path/Frameworks";
				PRODUCT_BUNDLE_IDENTIFIER = jacky.WhereAmITests;
				PRODUCT_NAME = "$(TARGET_NAME)";
				SWIFT_VERSION = 4.0;
				TARGETED_DEVICE_FAMILY = "1,2";
				TEST_HOST = "$(BUILT_PRODUCTS_DIR)/WhereAmI.app/WhereAmI";
			};
			name = Release;
		};
		6F32FB991FB49A110067E1AA /* Debug */ = {
			isa = XCBuildConfiguration;
			baseConfigurationReference = 9479E7B11E5AF5AFB7F7D1DB /* Pods-WhereAmIUITests.debug.xcconfig */;
			buildSettings = {
				ALWAYS_EMBED_SWIFT_STANDARD_LIBRARIES = YES;
				CODE_SIGN_STYLE = Automatic;
				DEVELOPMENT_TEAM = 9795XVPG4N;
				INFOPLIST_FILE = WhereAmIUITests/Info.plist;
				LD_RUNPATH_SEARCH_PATHS = "$(inherited) @executable_path/Frameworks @loader_path/Frameworks";
				PRODUCT_BUNDLE_IDENTIFIER = jacky.WhereAmIUITests;
				PRODUCT_NAME = "$(TARGET_NAME)";
				SWIFT_VERSION = 4.0;
				TARGETED_DEVICE_FAMILY = "1,2";
				TEST_TARGET_NAME = WhereAmI;
			};
			name = Debug;
		};
		6F32FB9A1FB49A110067E1AA /* Release */ = {
			isa = XCBuildConfiguration;
			baseConfigurationReference = 00C23950373BBC61A87B6834 /* Pods-WhereAmIUITests.release.xcconfig */;
			buildSettings = {
				ALWAYS_EMBED_SWIFT_STANDARD_LIBRARIES = YES;
				CODE_SIGN_STYLE = Automatic;
				DEVELOPMENT_TEAM = 9795XVPG4N;
				INFOPLIST_FILE = WhereAmIUITests/Info.plist;
				LD_RUNPATH_SEARCH_PATHS = "$(inherited) @executable_path/Frameworks @loader_path/Frameworks";
				PRODUCT_BUNDLE_IDENTIFIER = jacky.WhereAmIUITests;
				PRODUCT_NAME = "$(TARGET_NAME)";
				SWIFT_VERSION = 4.0;
				TARGETED_DEVICE_FAMILY = "1,2";
				TEST_TARGET_NAME = WhereAmI;
			};
			name = Release;
		};
/* End XCBuildConfiguration section */

/* Begin XCConfigurationList section */
		6F32FB621FB49A100067E1AA /* Build configuration list for PBXProject "WhereAmI" */ = {
			isa = XCConfigurationList;
			buildConfigurations = (
				6F32FB901FB49A110067E1AA /* Debug */,
				6F32FB911FB49A110067E1AA /* Release */,
			);
			defaultConfigurationIsVisible = 0;
			defaultConfigurationName = Release;
		};
		6F32FB921FB49A110067E1AA /* Build configuration list for PBXNativeTarget "WhereAmI" */ = {
			isa = XCConfigurationList;
			buildConfigurations = (
				6F32FB931FB49A110067E1AA /* Debug */,
				6F32FB941FB49A110067E1AA /* Release */,
			);
			defaultConfigurationIsVisible = 0;
			defaultConfigurationName = Release;
		};
		6F32FB951FB49A110067E1AA /* Build configuration list for PBXNativeTarget "WhereAmITests" */ = {
			isa = XCConfigurationList;
			buildConfigurations = (
				6F32FB961FB49A110067E1AA /* Debug */,
				6F32FB971FB49A110067E1AA /* Release */,
			);
			defaultConfigurationIsVisible = 0;
			defaultConfigurationName = Release;
		};
		6F32FB981FB49A110067E1AA /* Build configuration list for PBXNativeTarget "WhereAmIUITests" */ = {
			isa = XCConfigurationList;
			buildConfigurations = (
				6F32FB991FB49A110067E1AA /* Debug */,
				6F32FB9A1FB49A110067E1AA /* Release */,
			);
			defaultConfigurationIsVisible = 0;
			defaultConfigurationName = Release;
		};
/* End XCConfigurationList section */

/* Begin XCVersionGroup section */
		6F32FB711FB49A110067E1AA /* WhereAmI.xcdatamodeld */ = {
			isa = XCVersionGroup;
			children = (
				6F32FB721FB49A110067E1AA /* WhereAmI.xcdatamodel */,
			);
			currentVersion = 6F32FB721FB49A110067E1AA /* WhereAmI.xcdatamodel */;
			path = WhereAmI.xcdatamodeld;
			sourceTree = "<group>";
			versionGroupType = wrapper.xcdatamodel;
		};
/* End XCVersionGroup section */
	};
	rootObject = 6F32FB5F1FB49A100067E1AA /* Project object */;
}
